
Microsoft Visual Studio Solution File, Format Version 12.00
# Visual Studio 2013
VisualStudioVersion = 12.0.31101.0
MinimumVisualStudioVersion = 10.0.40219.1
Project("{8BC9CEB8-8B4A-11D0-8D11-00A0C91BC942}") = "Creational_Singleton", "Creational_Singleton\Creational_Singleton.vcxproj", "{9B89C8BF-379F-4CE0-984F-CA7E11C54C1A}"
EndProject
Project("{8BC9CEB8-8B4A-11D0-8D11-00A0C91BC942}") = "Creational_Factory", "Creational_Factory\Creational_Factory.vcxproj", "{67F38503-6125-4E7B-AD7B-0539B15FA414}"
EndProject
Project("{8BC9CEB8-8B4A-11D0-8D11-00A0C91BC942}") = "Creational_Prototype", "Creational_Prototype\Creational_Prototype.vcxproj", "{608C0F1D-642D-4577-A153-2108581CF1A0}"
EndProject
Global
	GlobalSection(SolutionConfigurationPlatforms) = preSolution
		Debug|Win32 = Debug|Win32
		Release|Win32 = Release|Win32
	EndGlobalSection
	GlobalSection(ProjectConfigurationPlatforms) = postSolution
		{9B89C8BF-379F-4CE0-984F-CA7E11C54C1A}.Debug|Win32.ActiveCfg = Debug|Win32
		{9B89C8BF-379F-4CE0-984F-CA7E11C54C1A}.Debug|Win32.Build.0 = Debug|Win32
		{9B89C8BF-379F-4CE0-984F-CA7E11C54C1A}.Release|Win32.ActiveCfg = Release|Win32
		{9B89C8BF-379F-4CE0-984F-CA7E11C54C1A}.Release|Win32.Build.0 = Release|Win32
		{67F38503-6125-4E7B-AD7B-0539B15FA414}.Debug|Win32.ActiveCfg = Debug|Win32
		{67F38503-6125-4E7B-AD7B-0539B15FA414}.Debug|Win32.Build.0 = Debug|Win32
		{67F38503-6125-4E7B-AD7B-0539B15FA414}.Release|Win32.ActiveCfg = Release|Win32
		{67F38503-6125-4E7B-AD7B-0539B15FA414}.Release|Win32.Build.0 = Release|Win32
		{608C0F1D-642D-4577-A153-2108581CF1A0}.Debug|Win32.ActiveCfg = Debug|Win32
		{608C0F1D-642D-4577-A153-2108581CF1A0}.Debug|Win32.Build.0 = Debug|Win32
		{608C0F1D-642D-4577-A153-2108581CF1A0}.Release|Win32.ActiveCfg = Release|Win32
		{608C0F1D-642D-4577-A153-2108581CF1A0}.Release|Win32.Build.0 = Release|Win32
	EndGlobalSection
	GlobalSection(SolutionProperties) = preSolution
		HideSolutionNode = FALSE
	EndGlobalSection
EndGlobal
